
Microsoft Visual Studio Solution File, Format Version 12.00
# Visual Studio 2012
Project("{2150E333-8FDC-42A3-9474-1A3956D46DE8}") = "Solution Items", "Solution Items", "{43955C79-0B78-4A39-852B-1B241D6FAB15}"
	ProjectSection(SolutionItems) = preProject
		Config.fs = Config.fs
		load-seattle-mem.fsx = load-seattle-mem.fsx
		StartDatomicRestService.fsx = StartDatomicRestService.fsx
	EndProjectSection
EndProject
Global
	GlobalSection(SolutionProperties) = preSolution
		HideSolutionNode = FALSE
	EndGlobalSection
EndGlobal
